
Microsoft Visual Studio Solution File, Format Version 12.00
# Visual Studio Version 17
VisualStudioVersion = 17.7.34031.279
MinimumVisualStudioVersion = 10.0.40219.1
Project("{FAE04EC0-301F-11D3-BF4B-00C04F79EFBC}") = "Explorer", "Explorer\Explorer.csproj", "{033D8B27-65E5-4C47-B01E-FF6F2A2D2F26}"
EndProject
Global
	GlobalSection(SolutionConfigurationPlatforms) = preSolution
		Debug|Any CPU = Debug|Any CPU
		Release|Any CPU = Release|Any CPU
	EndGlobalSection
	GlobalSection(ProjectConfigurationPlatforms) = postSolution
		{033D8B27-65E5-4C47-B01E-FF6F2A2D2F26}.Debug|Any CPU.ActiveCfg = Debug|Any CPU
		{033D8B27-65E5-4C47-B01E-FF6F2A2D2F26}.Debug|Any CPU.Build.0 = Debug|Any CPU
		{033D8B27-65E5-4C47-B01E-FF6F2A2D2F26}.Release|Any CPU.ActiveCfg = Release|Any CPU
		{033D8B27-65E5-4C47-B01E-FF6F2A2D2F26}.Release|Any CPU.Build.0 = Release|Any CPU
	EndGlobalSection
	GlobalSection(SolutionProperties) = preSolution
		HideSolutionNode = FALSE
	EndGlobalSection
	GlobalSection(ExtensibilityGlobals) = postSolution
		SolutionGuid = {D43ADE15-0D2C-457D-9EE5-01C5D382DCB8}
	EndGlobalSection
EndGlobal
