
Microsoft Visual Studio Solution File, Format Version 12.00
# Visual Studio Version 17
VisualStudioVersion = 17.7.34031.279
MinimumVisualStudioVersion = 10.0.40219.1
Project("{9A19103F-16F7-4668-BE54-9A1E7A4F7556}") = "PhoneNumberCrawler.Wpf", "PhoneNumberCrawler.Wpf\PhoneNumberCrawler.Wpf.csproj", "{5B5C95F8-01DC-445D-860D-03FF0E3D1B87}"
EndProject
Project("{9A19103F-16F7-4668-BE54-9A1E7A4F7556}") = "PhoneNumberCrawler.Shared", "PhoneNumberCrawler.Shared\PhoneNumberCrawler.Shared.csproj", "{4224375D-9989-456A-8383-7943D9166394}"
EndProject
Global
	GlobalSection(SolutionConfigurationPlatforms) = preSolution
		Debug|Any CPU = Debug|Any CPU
		Release|Any CPU = Release|Any CPU
	EndGlobalSection
	GlobalSection(ProjectConfigurationPlatforms) = postSolution
		{5B5C95F8-01DC-445D-860D-03FF0E3D1B87}.Debug|Any CPU.ActiveCfg = Debug|Any CPU
		{5B5C95F8-01DC-445D-860D-03FF0E3D1B87}.Debug|Any CPU.Build.0 = Debug|Any CPU
		{5B5C95F8-01DC-445D-860D-03FF0E3D1B87}.Release|Any CPU.ActiveCfg = Release|Any CPU
		{5B5C95F8-01DC-445D-860D-03FF0E3D1B87}.Release|Any CPU.Build.0 = Release|Any CPU
		{4224375D-9989-456A-8383-7943D9166394}.Debug|Any CPU.ActiveCfg = Debug|Any CPU
		{4224375D-9989-456A-8383-7943D9166394}.Debug|Any CPU.Build.0 = Debug|Any CPU
		{4224375D-9989-456A-8383-7943D9166394}.Release|Any CPU.ActiveCfg = Release|Any CPU
		{4224375D-9989-456A-8383-7943D9166394}.Release|Any CPU.Build.0 = Release|Any CPU
	EndGlobalSection
	GlobalSection(SolutionProperties) = preSolution
		HideSolutionNode = FALSE
	EndGlobalSection
	GlobalSection(ExtensibilityGlobals) = postSolution
		SolutionGuid = {EADBC6E4-7A42-45A3-AB63-02057F15507E}
	EndGlobalSection
EndGlobal
